// !$*UTF8*$!
{
	archiveVersion = 1;
	classes = {
	};
	objectVersion = 51;
	objects = {

/* Begin PBXBuildFile section */
		30AB9CC61AEEC2B293A24770 /* Pods_GQLiOSDemo_GQLiOSDemoUITests.framework in Frameworks */ = {isa = PBXBuildFile; fileRef = 7BF6F018DB1B63BCC30BAE24 /* Pods_GQLiOSDemo_GQLiOSDemoUITests.framework */; };
		90710AB8BEC9810FBECE89BD /* Pods_GQLiOSDemo.framework in Frameworks */ = {isa = PBXBuildFile; fileRef = AE4CA04100806B9946CB0553 /* Pods_GQLiOSDemo.framework */; };
		9D2D8EE3246D3F4100DBF94E /* API.swift in Sources */ = {isa = PBXBuildFile; fileRef = 9D2D8EE2246D3F4100DBF94E /* API.swift */; };
		9D966C9A246D17C000705385 /* AppDelegate.swift in Sources */ = {isa = PBXBuildFile; fileRef = 9D966C99246D17C000705385 /* AppDelegate.swift */; };
		9D966C9C246D17C000705385 /* SceneDelegate.swift in Sources */ = {isa = PBXBuildFile; fileRef = 9D966C9B246D17C000705385 /* SceneDelegate.swift */; };
		9D966C9E246D17C000705385 /* ViewController.swift in Sources */ = {isa = PBXBuildFile; fileRef = 9D966C9D246D17C000705385 /* ViewController.swift */; };
		9D966CA1246D17C000705385 /* Main.storyboard in Resources */ = {isa = PBXBuildFile; fileRef = 9D966C9F246D17C000705385 /* Main.storyboard */; };
		9D966CA3246D17C300705385 /* Assets.xcassets in Resources */ = {isa = PBXBuildFile; fileRef = 9D966CA2246D17C300705385 /* Assets.xcassets */; };
		9D966CA6246D17C300705385 /* LaunchScreen.storyboard in Resources */ = {isa = PBXBuildFile; fileRef = 9D966CA4246D17C300705385 /* LaunchScreen.storyboard */; };
		9D966CB1246D17C300705385 /* GQLiOSDemoTests.swift in Sources */ = {isa = PBXBuildFile; fileRef = 9D966CB0246D17C300705385 /* GQLiOSDemoTests.swift */; };
		9D966CBC246D17C300705385 /* GQLiOSDemoUITests.swift in Sources */ = {isa = PBXBuildFile; fileRef = 9D966CBB246D17C300705385 /* GQLiOSDemoUITests.swift */; };
		9E04334F808D2303FF0F9BB3 /* Pods_GQLiOSDemoTests.framework in Frameworks */ = {isa = PBXBuildFile; fileRef = 97692BDEB6466434AB13F926 /* Pods_GQLiOSDemoTests.framework */; };
/* End PBXBuildFile section */

/* Begin PBXContainerItemProxy section */
		9D966CAD246D17C300705385 /* PBXContainerItemProxy */ = {
			isa = PBXContainerItemProxy;
			containerPortal = 9D966C8E246D17C000705385 /* Project object */;
			proxyType = 1;
			remoteGlobalIDString = 9D966C95246D17C000705385;
			remoteInfo = GQLiOSDemo;
		};
		9D966CB8246D17C300705385 /* PBXContainerItemProxy */ = {
			isa = PBXContainerItemProxy;
			containerPortal = 9D966C8E246D17C000705385 /* Project object */;
			proxyType = 1;
			remoteGlobalIDString = 9D966C95246D17C000705385;
			remoteInfo = GQLiOSDemo;
		};
/* End PBXContainerItemProxy section */

/* Begin PBXFileReference section */
		4DAEF6CBE909CE929F3EC97B /* Pods-GQLiOSDemo.release.xcconfig */ = {isa = PBXFileReference; includeInIndex = 1; lastKnownFileType = text.xcconfig; name = "Pods-GQLiOSDemo.release.xcconfig"; path = "Target Support Files/Pods-GQLiOSDemo/Pods-GQLiOSDemo.release.xcconfig"; sourceTree = "<group>"; };
		7BF6F018DB1B63BCC30BAE24 /* Pods_GQLiOSDemo_GQLiOSDemoUITests.framework */ = {isa = PBXFileReference; explicitFileType = wrapper.framework; includeInIndex = 0; path = Pods_GQLiOSDemo_GQLiOSDemoUITests.framework; sourceTree = BUILT_PRODUCTS_DIR; };
		97692BDEB6466434AB13F926 /* Pods_GQLiOSDemoTests.framework */ = {isa = PBXFileReference; explicitFileType = wrapper.framework; includeInIndex = 0; path = Pods_GQLiOSDemoTests.framework; sourceTree = BUILT_PRODUCTS_DIR; };
		9C6E47DA91F1D1076B366538 /* Pods-GQLiOSDemo-GQLiOSDemoUITests.debug.xcconfig */ = {isa = PBXFileReference; includeInIndex = 1; lastKnownFileType = text.xcconfig; name = "Pods-GQLiOSDemo-GQLiOSDemoUITests.debug.xcconfig"; path = "Target Support Files/Pods-GQLiOSDemo-GQLiOSDemoUITests/Pods-GQLiOSDemo-GQLiOSDemoUITests.debug.xcconfig"; sourceTree = "<group>"; };
		9D2D8EE2246D3F4100DBF94E /* API.swift */ = {isa = PBXFileReference; fileEncoding = 4; lastKnownFileType = sourcecode.swift; path = API.swift; sourceTree = "<group>"; };
		9D966C96246D17C000705385 /* GQLiOSDemo.app */ = {isa = PBXFileReference; explicitFileType = wrapper.application; includeInIndex = 0; path = GQLiOSDemo.app; sourceTree = BUILT_PRODUCTS_DIR; };
		9D966C99246D17C000705385 /* AppDelegate.swift */ = {isa = PBXFileReference; lastKnownFileType = sourcecode.swift; path = AppDelegate.swift; sourceTree = "<group>"; };
		9D966C9B246D17C000705385 /* SceneDelegate.swift */ = {isa = PBXFileReference; lastKnownFileType = sourcecode.swift; path = SceneDelegate.swift; sourceTree = "<group>"; };
		9D966C9D246D17C000705385 /* ViewController.swift */ = {isa = PBXFileReference; lastKnownFileType = sourcecode.swift; path = ViewController.swift; sourceTree = "<group>"; };
		9D966CA0246D17C000705385 /* Base */ = {isa = PBXFileReference; lastKnownFileType = file.storyboard; name = Base; path = Base.lproj/Main.storyboard; sourceTree = "<group>"; };
		9D966CA2246D17C300705385 /* Assets.xcassets */ = {isa = PBXFileReference; lastKnownFileType = folder.assetcatalog; path = Assets.xcassets; sourceTree = "<group>"; };
		9D966CA5246D17C300705385 /* Base */ = {isa = PBXFileReference; lastKnownFileType = file.storyboard; name = Base; path = Base.lproj/LaunchScreen.storyboard; sourceTree = "<group>"; };
		9D966CA7246D17C300705385 /* Info.plist */ = {isa = PBXFileReference; lastKnownFileType = text.plist.xml; path = Info.plist; sourceTree = "<group>"; };
		9D966CAC246D17C300705385 /* GQLiOSDemoTests.xctest */ = {isa = PBXFileReference; explicitFileType = wrapper.cfbundle; includeInIndex = 0; path = GQLiOSDemoTests.xctest; sourceTree = BUILT_PRODUCTS_DIR; };
		9D966CB0246D17C300705385 /* GQLiOSDemoTests.swift */ = {isa = PBXFileReference; lastKnownFileType = sourcecode.swift; path = GQLiOSDemoTests.swift; sourceTree = "<group>"; };
		9D966CB2246D17C300705385 /* Info.plist */ = {isa = PBXFileReference; lastKnownFileType = text.plist.xml; path = Info.plist; sourceTree = "<group>"; };
		9D966CB7246D17C300705385 /* GQLiOSDemoUITests.xctest */ = {isa = PBXFileReference; explicitFileType = wrapper.cfbundle; includeInIndex = 0; path = GQLiOSDemoUITests.xctest; sourceTree = BUILT_PRODUCTS_DIR; };
		9D966CBB246D17C300705385 /* GQLiOSDemoUITests.swift */ = {isa = PBXFileReference; lastKnownFileType = sourcecode.swift; path = GQLiOSDemoUITests.swift; sourceTree = "<group>"; };
		9D966CBD246D17C300705385 /* Info.plist */ = {isa = PBXFileReference; lastKnownFileType = text.plist.xml; path = Info.plist; sourceTree = "<group>"; };
		9DDFF450246D3DD000F0923B /* schema.graphql */ = {isa = PBXFileReference; lastKnownFileType = text; path = schema.graphql; sourceTree = "<group>"; };
		AE4CA04100806B9946CB0553 /* Pods_GQLiOSDemo.framework */ = {isa = PBXFileReference; explicitFileType = wrapper.framework; includeInIndex = 0; path = Pods_GQLiOSDemo.framework; sourceTree = BUILT_PRODUCTS_DIR; };
		B322FF7892B2B5FFA7FD029A /* Pods-GQLiOSDemo.debug.xcconfig */ = {isa = PBXFileReference; includeInIndex = 1; lastKnownFileType = text.xcconfig; name = "Pods-GQLiOSDemo.debug.xcconfig"; path = "Target Support Files/Pods-GQLiOSDemo/Pods-GQLiOSDemo.debug.xcconfig"; sourceTree = "<group>"; };
		C6FA25E389CEA3BE093F21EE /* Pods-GQLiOSDemoTests.debug.xcconfig */ = {isa = PBXFileReference; includeInIndex = 1; lastKnownFileType = text.xcconfig; name = "Pods-GQLiOSDemoTests.debug.xcconfig"; path = "Target Support Files/Pods-GQLiOSDemoTests/Pods-GQLiOSDemoTests.debug.xcconfig"; sourceTree = "<group>"; };
		CBA8DCAE009D83A9E2FCA12E /* Pods-GQLiOSDemoTests.release.xcconfig */ = {isa = PBXFileReference; includeInIndex = 1; lastKnownFileType = text.xcconfig; name = "Pods-GQLiOSDemoTests.release.xcconfig"; path = "Target Support Files/Pods-GQLiOSDemoTests/Pods-GQLiOSDemoTests.release.xcconfig"; sourceTree = "<group>"; };
		D48636444D8D49DB953BCB92 /* Pods-GQLiOSDemo-GQLiOSDemoUITests.release.xcconfig */ = {isa = PBXFileReference; includeInIndex = 1; lastKnownFileType = text.xcconfig; name = "Pods-GQLiOSDemo-GQLiOSDemoUITests.release.xcconfig"; path = "Target Support Files/Pods-GQLiOSDemo-GQLiOSDemoUITests/Pods-GQLiOSDemo-GQLiOSDemoUITests.release.xcconfig"; sourceTree = "<group>"; };
/* End PBXFileReference section */

/* Begin PBXFrameworksBuildPhase section */
		9D966C93246D17C000705385 /* Frameworks */ = {
			isa = PBXFrameworksBuildPhase;
			buildActionMask = 2147483647;
			files = (
				90710AB8BEC9810FBECE89BD /* Pods_GQLiOSDemo.framework in Frameworks */,
			);
			runOnlyForDeploymentPostprocessing = 0;
		};
		9D966CA9246D17C300705385 /* Frameworks */ = {
			isa = PBXFrameworksBuildPhase;
			buildActionMask = 2147483647;
			files = (
				9E04334F808D2303FF0F9BB3 /* Pods_GQLiOSDemoTests.framework in Frameworks */,
			);
			runOnlyForDeploymentPostprocessing = 0;
		};
		9D966CB4246D17C300705385 /* Frameworks */ = {
			isa = PBXFrameworksBuildPhase;
			buildActionMask = 2147483647;
			files = (
				30AB9CC61AEEC2B293A24770 /* Pods_GQLiOSDemo_GQLiOSDemoUITests.framework in Frameworks */,
			);
			runOnlyForDeploymentPostprocessing = 0;
		};
/* End PBXFrameworksBuildPhase section */

/* Begin PBXGroup section */
		9D966C8D246D17C000705385 = {
			isa = PBXGroup;
			children = (
				9D966C98246D17C000705385 /* GQLiOSDemo */,
				9D966CAF246D17C300705385 /* GQLiOSDemoTests */,
				9D966CBA246D17C300705385 /* GQLiOSDemoUITests */,
				9D966C97246D17C000705385 /* Products */,
				AEE882E8C965CF60A21DAE2C /* Pods */,
				A8D03F254C22666B145F6765 /* Frameworks */,
			);
			sourceTree = "<group>";
		};
		9D966C97246D17C000705385 /* Products */ = {
			isa = PBXGroup;
			children = (
				9D966C96246D17C000705385 /* GQLiOSDemo.app */,
				9D966CAC246D17C300705385 /* GQLiOSDemoTests.xctest */,
				9D966CB7246D17C300705385 /* GQLiOSDemoUITests.xctest */,
			);
			name = Products;
			sourceTree = "<group>";
		};
		9D966C98246D17C000705385 /* GQLiOSDemo */ = {
			isa = PBXGroup;
			children = (
				9D2D8EE2246D3F4100DBF94E /* API.swift */,
				9DDFF450246D3DD000F0923B /* schema.graphql */,
				9D966C99246D17C000705385 /* AppDelegate.swift */,
				9D966C9B246D17C000705385 /* SceneDelegate.swift */,
				9D966C9D246D17C000705385 /* ViewController.swift */,
				9D966C9F246D17C000705385 /* Main.storyboard */,
				9D966CA2246D17C300705385 /* Assets.xcassets */,
				9D966CA4246D17C300705385 /* LaunchScreen.storyboard */,
				9D966CA7246D17C300705385 /* Info.plist */,
			);
			path = GQLiOSDemo;
			sourceTree = "<group>";
		};
		9D966CAF246D17C300705385 /* GQLiOSDemoTests */ = {
			isa = PBXGroup;
			children = (
				9D966CB0246D17C300705385 /* GQLiOSDemoTests.swift */,
				9D966CB2246D17C300705385 /* Info.plist */,
			);
			path = GQLiOSDemoTests;
			sourceTree = "<group>";
		};
		9D966CBA246D17C300705385 /* GQLiOSDemoUITests */ = {
			isa = PBXGroup;
			children = (
				9D966CBB246D17C300705385 /* GQLiOSDemoUITests.swift */,
				9D966CBD246D17C300705385 /* Info.plist */,
			);
			path = GQLiOSDemoUITests;
			sourceTree = "<group>";
		};
		A8D03F254C22666B145F6765 /* Frameworks */ = {
			isa = PBXGroup;
			children = (
				AE4CA04100806B9946CB0553 /* Pods_GQLiOSDemo.framework */,
				7BF6F018DB1B63BCC30BAE24 /* Pods_GQLiOSDemo_GQLiOSDemoUITests.framework */,
				97692BDEB6466434AB13F926 /* Pods_GQLiOSDemoTests.framework */,
			);
			name = Frameworks;
			sourceTree = "<group>";
		};
		AEE882E8C965CF60A21DAE2C /* Pods */ = {
			isa = PBXGroup;
			children = (
				B322FF7892B2B5FFA7FD029A /* Pods-GQLiOSDemo.debug.xcconfig */,
				4DAEF6CBE909CE929F3EC97B /* Pods-GQLiOSDemo.release.xcconfig */,
				9C6E47DA91F1D1076B366538 /* Pods-GQLiOSDemo-GQLiOSDemoUITests.debug.xcconfig */,
				D48636444D8D49DB953BCB92 /* Pods-GQLiOSDemo-GQLiOSDemoUITests.release.xcconfig */,
				C6FA25E389CEA3BE093F21EE /* Pods-GQLiOSDemoTests.debug.xcconfig */,
				CBA8DCAE009D83A9E2FCA12E /* Pods-GQLiOSDemoTests.release.xcconfig */,
			);
			path = Pods;
			sourceTree = "<group>";
		};
/* End PBXGroup section */

/* Begin PBXNativeTarget section */
		9D966C95246D17C000705385 /* GQLiOSDemo */ = {
			isa = PBXNativeTarget;
			buildConfigurationList = 9D966CC0246D17C300705385 /* Build configuration list for PBXNativeTarget "GQLiOSDemo" */;
			buildPhases = (
				664E7DD9A89E173AF83E45FA /* [CP] Check Pods Manifest.lock */,
				9DDFF44F246D381A00F0923B /* Generate Apollo GraphQL API */,
				9D966C92246D17C000705385 /* Sources */,
				9D966C93246D17C000705385 /* Frameworks */,
				9D966C94246D17C000705385 /* Resources */,
				2F11B2055D89F03E354DBC2E /* [CP] Embed Pods Frameworks */,
			);
			buildRules = (
			);
			dependencies = (
			);
			name = GQLiOSDemo;
			productName = GQLiOSDemo;
			productReference = 9D966C96246D17C000705385 /* GQLiOSDemo.app */;
			productType = "com.apple.product-type.application";
		};
		9D966CAB246D17C300705385 /* GQLiOSDemoTests */ = {
			isa = PBXNativeTarget;
			buildConfigurationList = 9D966CC3246D17C300705385 /* Build configuration list for PBXNativeTarget "GQLiOSDemoTests" */;
			buildPhases = (
				25CDFEA0E49410A404612E8B /* [CP] Check Pods Manifest.lock */,
				9D966CA8246D17C300705385 /* Sources */,
				9D966CA9246D17C300705385 /* Frameworks */,
				9D966CAA246D17C300705385 /* Resources */,
			);
			buildRules = (
			);
			dependencies = (
				9D966CAE246D17C300705385 /* PBXTargetDependency */,
			);
			name = GQLiOSDemoTests;
			productName = GQLiOSDemoTests;
			productReference = 9D966CAC246D17C300705385 /* GQLiOSDemoTests.xctest */;
			productType = "com.apple.product-type.bundle.unit-test";
		};
		9D966CB6246D17C300705385 /* GQLiOSDemoUITests */ = {
			isa = PBXNativeTarget;
			buildConfigurationList = 9D966CC6246D17C300705385 /* Build configuration list for PBXNativeTarget "GQLiOSDemoUITests" */;
			buildPhases = (
				012A83A46FBB24326DEE77C4 /* [CP] Check Pods Manifest.lock */,
				9D966CB3246D17C300705385 /* Sources */,
				9D966CB4246D17C300705385 /* Frameworks */,
				9D966CB5246D17C300705385 /* Resources */,
				06100B5423E385CCF5EE52C3 /* [CP] Embed Pods Frameworks */,
			);
			buildRules = (
			);
			dependencies = (
				9D966CB9246D17C300705385 /* PBXTargetDependency */,
			);
			name = GQLiOSDemoUITests;
			productName = GQLiOSDemoUITests;
			productReference = 9D966CB7246D17C300705385 /* GQLiOSDemoUITests.xctest */;
			productType = "com.apple.product-type.bundle.ui-testing";
		};
/* End PBXNativeTarget section */

/* Begin PBXProject section */
		9D966C8E246D17C000705385 /* Project object */ = {
			isa = PBXProject;
			attributes = {
				LastSwiftUpdateCheck = 1140;
				LastUpgradeCheck = 1140;
				ORGANIZATIONNAME = "Manu Puthoor";
				TargetAttributes = {
					9D966C95246D17C000705385 = {
						CreatedOnToolsVersion = 11.4.1;
					};
					9D966CAB246D17C300705385 = {
						CreatedOnToolsVersion = 11.4.1;
						TestTargetID = 9D966C95246D17C000705385;
					};
					9D966CB6246D17C300705385 = {
						CreatedOnToolsVersion = 11.4.1;
						TestTargetID = 9D966C95246D17C000705385;
					};
				};
			};
			buildConfigurationList = 9D966C91246D17C000705385 /* Build configuration list for PBXProject "GQLiOSDemo" */;
			compatibilityVersion = "Xcode 9.3";
			developmentRegion = en;
			hasScannedForEncodings = 0;
			knownRegions = (
				en,
				Base,
			);
			mainGroup = 9D966C8D246D17C000705385;
			productRefGroup = 9D966C97246D17C000705385 /* Products */;
			projectDirPath = "";
			projectRoot = "";
			targets = (
				9D966C95246D17C000705385 /* GQLiOSDemo */,
				9D966CAB246D17C300705385 /* GQLiOSDemoTests */,
				9D966CB6246D17C300705385 /* GQLiOSDemoUITests */,
			);
		};
/* End PBXProject section */

/* Begin PBXResourcesBuildPhase section */
		9D966C94246D17C000705385 /* Resources */ = {
			isa = PBXResourcesBuildPhase;
			buildActionMask = 2147483647;
			files = (
				9D966CA6246D17C300705385 /* LaunchScreen.storyboard in Resources */,
				9D966CA3246D17C300705385 /* Assets.xcassets in Resources */,
				9D966CA1246D17C000705385 /* Main.storyboard in Resources */,
			);
			runOnlyForDeploymentPostprocessing = 0;
		};
		9D966CAA246D17C300705385 /* Resources */ = {
			isa = PBXResourcesBuildPhase;
			buildActionMask = 2147483647;
			files = (
			);
			runOnlyForDeploymentPostprocessing = 0;
		};
		9D966CB5246D17C300705385 /* Resources */ = {
			isa = PBXResourcesBuildPhase;
			buildActionMask = 2147483647;
			files = (
			);
			runOnlyForDeploymentPostprocessing = 0;
		};
/* End PBXResourcesBuildPhase section */

/* Begin PBXShellScriptBuildPhase section */
		012A83A46FBB24326DEE77C4 /* [CP] Check Pods Manifest.lock */ = {
			isa = PBXShellScriptBuildPhase;
			buildActionMask = 2147483647;
			files = (
			);
			inputFileListPaths = (
			);
			inputPaths = (
				"${PODS_PODFILE_DIR_PATH}/Podfile.lock",
				"${PODS_ROOT}/Manifest.lock",
			);
			name = "[CP] Check Pods Manifest.lock";
			outputFileListPaths = (
			);
			outputPaths = (
				"$(DERIVED_FILE_DIR)/Pods-GQLiOSDemo-GQLiOSDemoUITests-checkManifestLockResult.txt",
			);
			runOnlyForDeploymentPostprocessing = 0;
			shellPath = /bin/sh;
			shellScript = "diff \"${PODS_PODFILE_DIR_PATH}/Podfile.lock\" \"${PODS_ROOT}/Manifest.lock\" > /dev/null\nif [ $? != 0 ] ; then\n    # print error to STDERR\n    echo \"error: The sandbox is not in sync with the Podfile.lock. Run 'pod install' or update your CocoaPods installation.\" >&2\n    exit 1\nfi\n# This output is used by Xcode 'outputs' to avoid re-running this script phase.\necho \"SUCCESS\" > \"${SCRIPT_OUTPUT_FILE_0}\"\n";
			showEnvVarsInLog = 0;
		};
		06100B5423E385CCF5EE52C3 /* [CP] Embed Pods Frameworks */ = {
			isa = PBXShellScriptBuildPhase;
			buildActionMask = 2147483647;
			files = (
			);
			inputFileListPaths = (
				"${PODS_ROOT}/Target Support Files/Pods-GQLiOSDemo-GQLiOSDemoUITests/Pods-GQLiOSDemo-GQLiOSDemoUITests-frameworks-${CONFIGURATION}-input-files.xcfilelist",
			);
			name = "[CP] Embed Pods Frameworks";
			outputFileListPaths = (
				"${PODS_ROOT}/Target Support Files/Pods-GQLiOSDemo-GQLiOSDemoUITests/Pods-GQLiOSDemo-GQLiOSDemoUITests-frameworks-${CONFIGURATION}-output-files.xcfilelist",
			);
			runOnlyForDeploymentPostprocessing = 0;
			shellPath = /bin/sh;
			shellScript = "\"${PODS_ROOT}/Target Support Files/Pods-GQLiOSDemo-GQLiOSDemoUITests/Pods-GQLiOSDemo-GQLiOSDemoUITests-frameworks.sh\"\n";
			showEnvVarsInLog = 0;
		};
		25CDFEA0E49410A404612E8B /* [CP] Check Pods Manifest.lock */ = {
			isa = PBXShellScriptBuildPhase;
			buildActionMask = 2147483647;
			files = (
			);
			inputFileListPaths = (
			);
			inputPaths = (
				"${PODS_PODFILE_DIR_PATH}/Podfile.lock",
				"${PODS_ROOT}/Manifest.lock",
			);
			name = "[CP] Check Pods Manifest.lock";
			outputFileListPaths = (
			);
			outputPaths = (
				"$(DERIVED_FILE_DIR)/Pods-GQLiOSDemoTests-checkManifestLockResult.txt",
			);
			runOnlyForDeploymentPostprocessing = 0;
			shellPath = /bin/sh;
			shellScript = "diff \"${PODS_PODFILE_DIR_PATH}/Podfile.lock\" \"${PODS_ROOT}/Manifest.lock\" > /dev/null\nif [ $? != 0 ] ; then\n    # print error to STDERR\n    echo \"error: The sandbox is not in sync with the Podfile.lock. Run 'pod install' or update your CocoaPods installation.\" >&2\n    exit 1\nfi\n# This output is used by Xcode 'outputs' to avoid re-running this script phase.\necho \"SUCCESS\" > \"${SCRIPT_OUTPUT_FILE_0}\"\n";
			showEnvVarsInLog = 0;
		};
		2F11B2055D89F03E354DBC2E /* [CP] Embed Pods Frameworks */ = {
			isa = PBXShellScriptBuildPhase;
			buildActionMask = 2147483647;
			files = (
			);
			inputFileListPaths = (
				"${PODS_ROOT}/Target Support Files/Pods-GQLiOSDemo/Pods-GQLiOSDemo-frameworks-${CONFIGURATION}-input-files.xcfilelist",
			);
			name = "[CP] Embed Pods Frameworks";
			outputFileListPaths = (
				"${PODS_ROOT}/Target Support Files/Pods-GQLiOSDemo/Pods-GQLiOSDemo-frameworks-${CONFIGURATION}-output-files.xcfilelist",
			);
			runOnlyForDeploymentPostprocessing = 0;
			shellPath = /bin/sh;
			shellScript = "\"${PODS_ROOT}/Target Support Files/Pods-GQLiOSDemo/Pods-GQLiOSDemo-frameworks.sh\"\n";
			showEnvVarsInLog = 0;
		};
		664E7DD9A89E173AF83E45FA /* [CP] Check Pods Manifest.lock */ = {
			isa = PBXShellScriptBuildPhase;
			buildActionMask = 2147483647;
			files = (
			);
			inputFileListPaths = (
			);
			inputPaths = (
				"${PODS_PODFILE_DIR_PATH}/Podfile.lock",
				"${PODS_ROOT}/Manifest.lock",
			);
			name = "[CP] Check Pods Manifest.lock";
			outputFileListPaths = (
			);
			outputPaths = (
				"$(DERIVED_FILE_DIR)/Pods-GQLiOSDemo-checkManifestLockResult.txt",
			);
			runOnlyForDeploymentPostprocessing = 0;
			shellPath = /bin/sh;
			shellScript = "diff \"${PODS_PODFILE_DIR_PATH}/Podfile.lock\" \"${PODS_ROOT}/Manifest.lock\" > /dev/null\nif [ $? != 0 ] ; then\n    # print error to STDERR\n    echo \"error: The sandbox is not in sync with the Podfile.lock. Run 'pod install' or update your CocoaPods installation.\" >&2\n    exit 1\nfi\n# This output is used by Xcode 'outputs' to avoid re-running this script phase.\necho \"SUCCESS\" > \"${SCRIPT_OUTPUT_FILE_0}\"\n";
			showEnvVarsInLog = 0;
		};
		9DDFF44F246D381A00F0923B /* Generate Apollo GraphQL API */ = {
			isa = PBXShellScriptBuildPhase;
			buildActionMask = 2147483647;
			files = (
			);
			inputFileListPaths = (
			);
			inputPaths = (
			);
			name = "Generate Apollo GraphQL API";
			outputFileListPaths = (
			);
			outputPaths = (
			);
			runOnlyForDeploymentPostprocessing = 0;
			shellPath = /bin/sh;
			shellScript = "SCRIPT_PATH=\"${PODS_ROOT}/Apollo/scripts\"\ncd \"${SRCROOT}/${TARGET_NAME}\"\n\"${SCRIPT_PATH}\"/run-bundled-codegen.sh codegen:generate --target=swift --includes=./**/*.graphql --localSchemaFile=\"schema.json\" API.swift\n";
		};
/* End PBXShellScriptBuildPhase section */

/* Begin PBXSourcesBuildPhase section */
		9D966C92246D17C000705385 /* Sources */ = {
			isa = PBXSourcesBuildPhase;
			buildActionMask = 2147483647;
			files = (
				9D966C9E246D17C000705385 /* ViewController.swift in Sources */,
				9D966C9A246D17C000705385 /* AppDelegate.swift in Sources */,
				9D2D8EE3246D3F4100DBF94E /* API.swift in Sources */,
				9D966C9C246D17C000705385 /* SceneDelegate.swift in Sources */,
			);
			runOnlyForDeploymentPostprocessing = 0;
		};
		9D966CA8246D17C300705385 /* Sources */ = {
			isa = PBXSourcesBuildPhase;
			buildActionMask = 2147483647;
			files = (
				9D966CB1246D17C300705385 /* GQLiOSDemoTests.swift in Sources */,
			);
			runOnlyForDeploymentPostprocessing = 0;
		};
		9D966CB3246D17C300705385 /* Sources */ = {
			isa = PBXSourcesBuildPhase;
			buildActionMask = 2147483647;
			files = (
				9D966CBC246D17C300705385 /* GQLiOSDemoUITests.swift in Sources */,
			);
			runOnlyForDeploymentPostprocessing = 0;
		};
/* End PBXSourcesBuildPhase section */

/* Begin PBXTargetDependency section */
		9D966CAE246D17C300705385 /* PBXTargetDependency */ = {
			isa = PBXTargetDependency;
			target = 9D966C95246D17C000705385 /* GQLiOSDemo */;
			targetProxy = 9D966CAD246D17C300705385 /* PBXContainerItemProxy */;
		};
		9D966CB9246D17C300705385 /* PBXTargetDependency */ = {
			isa = PBXTargetDependency;
			target = 9D966C95246D17C000705385 /* GQLiOSDemo */;
			targetProxy = 9D966CB8246D17C300705385 /* PBXContainerItemProxy */;
		};
/* End PBXTargetDependency section */

/* Begin PBXVariantGroup section */
		9D966C9F246D17C000705385 /* Main.storyboard */ = {
			isa = PBXVariantGroup;
			children = (
				9D966CA0246D17C000705385 /* Base */,
			);
			name = Main.storyboard;
			sourceTree = "<group>";
		};
		9D966CA4246D17C300705385 /* LaunchScreen.storyboard */ = {
			isa = PBXVariantGroup;
			children = (
				9D966CA5246D17C300705385 /* Base */,
			);
			name = LaunchScreen.storyboard;
			sourceTree = "<group>";
		};
/* End PBXVariantGroup section */

/* Begin XCBuildConfiguration section */
		9D966CBE246D17C300705385 /* Debug */ = {
			isa = XCBuildConfiguration;
			buildSettings = {
				ALWAYS_SEARCH_USER_PATHS = NO;
				CLANG_ANALYZER_NONNULL = YES;
				CLANG_ANALYZER_NUMBER_OBJECT_CONVERSION = YES_AGGRESSIVE;
				CLANG_CXX_LANGUAGE_STANDARD = "gnu++14";
				CLANG_CXX_LIBRARY = "libc++";
				CLANG_ENABLE_MODULES = YES;
				CLANG_ENABLE_OBJC_ARC = YES;
				CLANG_ENABLE_OBJC_WEAK = YES;
				CLANG_WARN_BLOCK_CAPTURE_AUTORELEASING = YES;
				CLANG_WARN_BOOL_CONVERSION = YES;
				CLANG_WARN_COMMA = YES;
				CLANG_WARN_CONSTANT_CONVERSION = YES;
				CLANG_WARN_DEPRECATED_OBJC_IMPLEMENTATIONS = YES;
				CLANG_WARN_DIRECT_OBJC_ISA_USAGE = YES_ERROR;
				CLANG_WARN_DOCUMENTATION_COMMENTS = YES;
				CLANG_WARN_EMPTY_BODY = YES;
				CLANG_WARN_ENUM_CONVERSION = YES;
				CLANG_WARN_INFINITE_RECURSION = YES;
				CLANG_WARN_INT_CONVERSION = YES;
				CLANG_WARN_NON_LITERAL_NULL_CONVERSION = YES;
				CLANG_WARN_OBJC_IMPLICIT_RETAIN_SELF = YES;
				CLANG_WARN_OBJC_LITERAL_CONVERSION = YES;
				CLANG_WARN_OBJC_ROOT_CLASS = YES_ERROR;
				CLANG_WARN_RANGE_LOOP_ANALYSIS = YES;
				CLANG_WARN_STRICT_PROTOTYPES = YES;
				CLANG_WARN_SUSPICIOUS_MOVE = YES;
				CLANG_WARN_UNGUARDED_AVAILABILITY = YES_AGGRESSIVE;
				CLANG_WARN_UNREACHABLE_CODE = YES;
				CLANG_WARN__DUPLICATE_METHOD_MATCH = YES;
				COPY_PHASE_STRIP = NO;
				DEBUG_INFORMATION_FORMAT = dwarf;
				ENABLE_STRICT_OBJC_MSGSEND = YES;
				ENABLE_TESTABILITY = YES;
				GCC_C_LANGUAGE_STANDARD = gnu11;
				GCC_DYNAMIC_NO_PIC = NO;
				GCC_NO_COMMON_BLOCKS = YES;
				GCC_OPTIMIZATION_LEVEL = 0;
				GCC_PREPROCESSOR_DEFINITIONS = (
					"DEBUG=1",
					"$(inherited)",
				);
				GCC_WARN_64_TO_32_BIT_CONVERSION = YES;
				GCC_WARN_ABOUT_RETURN_TYPE = YES_ERROR;
				GCC_WARN_UNDECLARED_SELECTOR = YES;
				GCC_WARN_UNINITIALIZED_AUTOS = YES_AGGRESSIVE;
				GCC_WARN_UNUSED_FUNCTION = YES;
				GCC_WARN_UNUSED_VARIABLE = YES;
				IPHONEOS_DEPLOYMENT_TARGET = 13.4;
				MTL_ENABLE_DEBUG_INFO = INCLUDE_SOURCE;
				MTL_FAST_MATH = YES;
				ONLY_ACTIVE_ARCH = YES;
				SDKROOT = iphoneos;
				SWIFT_ACTIVE_COMPILATION_CONDITIONS = DEBUG;
				SWIFT_OPTIMIZATION_LEVEL = "-Onone";
			};
			name = Debug;
		};
		9D966CBF246D17C300705385 /* Release */ = {
			isa = XCBuildConfiguration;
			buildSettings = {
				ALWAYS_SEARCH_USER_PATHS = NO;
				CLANG_ANALYZER_NONNULL = YES;
				CLANG_ANALYZER_NUMBER_OBJECT_CONVERSION = YES_AGGRESSIVE;
				CLANG_CXX_LANGUAGE_STANDARD = "gnu++14";
				CLANG_CXX_LIBRARY = "libc++";
				CLANG_ENABLE_MODULES = YES;
				CLANG_ENABLE_OBJC_ARC = YES;
				CLANG_ENABLE_OBJC_WEAK = YES;
				CLANG_WARN_BLOCK_CAPTURE_AUTORELEASING = YES;
				CLANG_WARN_BOOL_CONVERSION = YES;
				CLANG_WARN_COMMA = YES;
				CLANG_WARN_CONSTANT_CONVERSION = YES;
				CLANG_WARN_DEPRECATED_OBJC_IMPLEMENTATIONS = YES;
				CLANG_WARN_DIRECT_OBJC_ISA_USAGE = YES_ERROR;
				CLANG_WARN_DOCUMENTATION_COMMENTS = YES;
				CLANG_WARN_EMPTY_BODY = YES;
				CLANG_WARN_ENUM_CONVERSION = YES;
				CLANG_WARN_INFINITE_RECURSION = YES;
				CLANG_WARN_INT_CONVERSION = YES;
				CLANG_WARN_NON_LITERAL_NULL_CONVERSION = YES;
				CLANG_WARN_OBJC_IMPLICIT_RETAIN_SELF = YES;
				CLANG_WARN_OBJC_LITERAL_CONVERSION = YES;
				CLANG_WARN_OBJC_ROOT_CLASS = YES_ERROR;
				CLANG_WARN_RANGE_LOOP_ANALYSIS = YES;
				CLANG_WARN_STRICT_PROTOTYPES = YES;
				CLANG_WARN_SUSPICIOUS_MOVE = YES;
				CLANG_WARN_UNGUARDED_AVAILABILITY = YES_AGGRESSIVE;
				CLANG_WARN_UNREACHABLE_CODE = YES;
				CLANG_WARN__DUPLICATE_METHOD_MATCH = YES;
				COPY_PHASE_STRIP = NO;
				DEBUG_INFORMATION_FORMAT = "dwarf-with-dsym";
				ENABLE_NS_ASSERTIONS = NO;
				ENABLE_STRICT_OBJC_MSGSEND = YES;
				GCC_C_LANGUAGE_STANDARD = gnu11;
				GCC_NO_COMMON_BLOCKS = YES;
				GCC_WARN_64_TO_32_BIT_CONVERSION = YES;
				GCC_WARN_ABOUT_RETURN_TYPE = YES_ERROR;
				GCC_WARN_UNDECLARED_SELECTOR = YES;
				GCC_WARN_UNINITIALIZED_AUTOS = YES_AGGRESSIVE;
				GCC_WARN_UNUSED_FUNCTION = YES;
				GCC_WARN_UNUSED_VARIABLE = YES;
				IPHONEOS_DEPLOYMENT_TARGET = 13.4;
				MTL_ENABLE_DEBUG_INFO = NO;
				MTL_FAST_MATH = YES;
				SDKROOT = iphoneos;
				SWIFT_COMPILATION_MODE = wholemodule;
				SWIFT_OPTIMIZATION_LEVEL = "-O";
				VALIDATE_PRODUCT = YES;
			};
			name = Release;
		};
		9D966CC1246D17C300705385 /* Debug */ = {
			isa = XCBuildConfiguration;
			baseConfigurationReference = B322FF7892B2B5FFA7FD029A /* Pods-GQLiOSDemo.debug.xcconfig */;
			buildSettings = {
				ASSETCATALOG_COMPILER_APPICON_NAME = AppIcon;
				CODE_SIGN_STYLE = Automatic;
				DEVELOPMENT_TEAM = 3P3J8AFD59;
				INFOPLIST_FILE = GQLiOSDemo/Info.plist;
				LD_RUNPATH_SEARCH_PATHS = (
					"$(inherited)",
					"@executable_path/Frameworks",
				);
				PRODUCT_BUNDLE_IDENTIFIER = "com.Qaptive-Tech.GQLiOSDemo";
				PRODUCT_NAME = "$(TARGET_NAME)";
				SWIFT_VERSION = 5.0;
				TARGETED_DEVICE_FAMILY = "1,2";
			};
			name = Debug;
		};
		9D966CC2246D17C300705385 /* Release */ = {
			isa = XCBuildConfiguration;
			baseConfigurationReference = 4DAEF6CBE909CE929F3EC97B /* Pods-GQLiOSDemo.release.xcconfig */;
			buildSettings = {
				ASSETCATALOG_COMPILER_APPICON_NAME = AppIcon;
				CODE_SIGN_STYLE = Automatic;
				DEVELOPMENT_TEAM = 3P3J8AFD59;
				INFOPLIST_FILE = GQLiOSDemo/Info.plist;
				LD_RUNPATH_SEARCH_PATHS = (
					"$(inherited)",
					"@executable_path/Frameworks",
				);
				PRODUCT_BUNDLE_IDENTIFIER = "com.Qaptive-Tech.GQLiOSDemo";
				PRODUCT_NAME = "$(TARGET_NAME)";
				SWIFT_VERSION = 5.0;
				TARGETED_DEVICE_FAMILY = "1,2";
			};
			name = Release;
		};
		9D966CC4246D17C300705385 /* Debug */ = {
			isa = XCBuildConfiguration;
			baseConfigurationReference = C6FA25E389CEA3BE093F21EE /* Pods-GQLiOSDemoTests.debug.xcconfig */;
			buildSettings = {
				ALWAYS_EMBED_SWIFT_STANDARD_LIBRARIES = YES;
				BUNDLE_LOADER = "$(TEST_HOST)";
				CODE_SIGN_STYLE = Automatic;
				DEVELOPMENT_TEAM = 3P3J8AFD59;
				INFOPLIST_FILE = GQLiOSDemoTests/Info.plist;
				IPHONEOS_DEPLOYMENT_TARGET = 13.4;
				LD_RUNPATH_SEARCH_PATHS = (
					"$(inherited)",
					"@executable_path/Frameworks",
					"@loader_path/Frameworks",
				);
				PRODUCT_BUNDLE_IDENTIFIER = "com.Qaptive-Tech.GQLiOSDemoTests";
				PRODUCT_NAME = "$(TARGET_NAME)";
				SWIFT_VERSION = 5.0;
				TARGETED_DEVICE_FAMILY = "1,2";
				TEST_HOST = "$(BUILT_PRODUCTS_DIR)/GQLiOSDemo.app/GQLiOSDemo";
			};
			name = Debug;
		};
		9D966CC5246D17C300705385 /* Release */ = {
			isa = XCBuildConfiguration;
			baseConfigurationReference = CBA8DCAE009D83A9E2FCA12E /* Pods-GQLiOSDemoTests.release.xcconfig */;
			buildSettings = {
				ALWAYS_EMBED_SWIFT_STANDARD_LIBRARIES = YES;
				BUNDLE_LOADER = "$(TEST_HOST)";
				CODE_SIGN_STYLE = Automatic;
				DEVELOPMENT_TEAM = 3P3J8AFD59;
				INFOPLIST_FILE = GQLiOSDemoTests/Info.plist;
				IPHONEOS_DEPLOYMENT_TARGET = 13.4;
				LD_RUNPATH_SEARCH_PATHS = (
					"$(inherited)",
					"@executable_path/Frameworks",
					"@loader_path/Frameworks",
				);
				PRODUCT_BUNDLE_IDENTIFIER = "com.Qaptive-Tech.GQLiOSDemoTests";
				PRODUCT_NAME = "$(TARGET_NAME)";
				SWIFT_VERSION = 5.0;
				TARGETED_DEVICE_FAMILY = "1,2";
				TEST_HOST = "$(BUILT_PRODUCTS_DIR)/GQLiOSDemo.app/GQLiOSDemo";
			};
			name = Release;
		};
		9D966CC7246D17C300705385 /* Debug */ = {
			isa = XCBuildConfiguration;
			baseConfigurationReference = 9C6E47DA91F1D1076B366538 /* Pods-GQLiOSDemo-GQLiOSDemoUITests.debug.xcconfig */;
			buildSettings = {
				ALWAYS_EMBED_SWIFT_STANDARD_LIBRARIES = YES;
				CODE_SIGN_STYLE = Automatic;
				DEVELOPMENT_TEAM = 3P3J8AFD59;
				INFOPLIST_FILE = GQLiOSDemoUITests/Info.plist;
				LD_RUNPATH_SEARCH_PATHS = (
					"$(inherited)",
					"@executable_path/Frameworks",
					"@loader_path/Frameworks",
				);
				PRODUCT_BUNDLE_IDENTIFIER = "com.Qaptive-Tech.GQLiOSDemoUITests";
				PRODUCT_NAME = "$(TARGET_NAME)";
				SWIFT_VERSION = 5.0;
				TARGETED_DEVICE_FAMILY = "1,2";
				TEST_TARGET_NAME = GQLiOSDemo;
			};
			name = Debug;
		};
		9D966CC8246D17C300705385 /* Release */ = {
			isa = XCBuildConfiguration;
			baseConfigurationReference = D48636444D8D49DB953BCB92 /* Pods-GQLiOSDemo-GQLiOSDemoUITests.release.xcconfig */;
			buildSettings = {
				ALWAYS_EMBED_SWIFT_STANDARD_LIBRARIES = YES;
				CODE_SIGN_STYLE = Automatic;
				DEVELOPMENT_TEAM = 3P3J8AFD59;
				INFOPLIST_FILE = GQLiOSDemoUITests/Info.plist;
				LD_RUNPATH_SEARCH_PATHS = (
					"$(inherited)",
					"@executable_path/Frameworks",
					"@loader_path/Frameworks",
				);
				PRODUCT_BUNDLE_IDENTIFIER = "com.Qaptive-Tech.GQLiOSDemoUITests";
				PRODUCT_NAME = "$(TARGET_NAME)";
				SWIFT_VERSION = 5.0;
				TARGETED_DEVICE_FAMILY = "1,2";
				TEST_TARGET_NAME = GQLiOSDemo;
			};
			name = Release;
		};
/* End XCBuildConfiguration section */

/* Begin XCConfigurationList section */
		9D966C91246D17C000705385 /* Build configuration list for PBXProject "GQLiOSDemo" */ = {
			isa = XCConfigurationList;
			buildConfigurations = (
				9D966CBE246D17C300705385 /* Debug */,
				9D966CBF246D17C300705385 /* Release */,
			);
			defaultConfigurationIsVisible = 0;
			defaultConfigurationName = Release;
		};
		9D966CC0246D17C300705385 /* Build configuration list for PBXNativeTarget "GQLiOSDemo" */ = {
			isa = XCConfigurationList;
			buildConfigurations = (
				9D966CC1246D17C300705385 /* Debug */,
				9D966CC2246D17C300705385 /* Release */,
			);
			defaultConfigurationIsVisible = 0;
			defaultConfigurationName = Release;
		};
		9D966CC3246D17C300705385 /* Build configuration list for PBXNativeTarget "GQLiOSDemoTests" */ = {
			isa = XCConfigurationList;
			buildConfigurations = (
				9D966CC4246D17C300705385 /* Debug */,
				9D966CC5246D17C300705385 /* Release */,
			);
			defaultConfigurationIsVisible = 0;
			defaultConfigurationName = Release;
		};
		9D966CC6246D17C300705385 /* Build configuration list for PBXNativeTarget "GQLiOSDemoUITests" */ = {
			isa = XCConfigurationList;
			buildConfigurations = (
				9D966CC7246D17C300705385 /* Debug */,
				9D966CC8246D17C300705385 /* Release */,
			);
			defaultConfigurationIsVisible = 0;
			defaultConfigurationName = Release;
		};
/* End XCConfigurationList section */
	};
	rootObject = 9D966C8E246D17C000705385 /* Project object */;
}
